<?xml version="1.0" encoding="utf-8"?>
<Project ToolsVersion="4.0" xmlns="http://schemas.microsoft.com/developer/msbuild/2003">
  <ItemGroup>
    <Filter Include="Source Files">
      <UniqueIdentifier>{4FC737F1-C7A5-4376-A066-2A32D752A2FF}</UniqueIdentifier>
      <Extensions>cpp;c;cc;cxx;def;odl;idl;hpj;bat;asm;asmx</Extensions>
    </Filter>
    <Filter Include="Header Files">
      <UniqueIdentifier>{93995380-89BD-4b04-88EB-625FBE52EBFB}</UniqueIdentifier>
      <Extensions>h;hh;hpp;hxx;hm;inl;inc;xsd</Extensions>
    </Filter>
    <Filter Include="Resource Files">
      <UniqueIdentifier>{67DA6AB6-F800-4c08-8B7A-83BB121AAD01}</UniqueIdentifier>
      <Extensions>rc;ico;cur;bmp;dlg;rc2;rct;bin;rgs;gif;jpg;jpeg;jpe;resx;tiff;tif;png;wav;mfcribbon-ms</Extensions>
    </Filter>
    <Filter Include="Header Files\include">
      <UniqueIdentifier>{2e16645e-4420-49fb-9503-4a998c832bcb}</UniqueIdentifier>
    </Filter>
    <Filter Include="Header Files\PluginUI">
      <UniqueIdentifier>{72e0f64f-1f4e-453a-a3dd-fa2122c60c7f}</UniqueIdentifier>
    </Filter>
    <Filter Include="Source Files\PluginUI">
      <UniqueIdentifier>{58ef981a-235c-46b5-9803-409e7fb41a42}</UniqueIdentifier>
    </Filter>
  </ItemGroup>
  <ItemGroup>
    <ClCompile Include="PluginManager.cpp">
      <Filter>Source Files</Filter>
    </ClCompile>
    <ClCompile Include="PluginUI\ParameterListWidget.cpp">
      <Filter>Source Files\PluginUI</Filter>
    </ClCompile>
    <ClCompile Include="PluginUI\qxtspanslider.cpp">
      <Filter>Source Files\PluginUI</Filter>
    </ClCompile>
    <ClCompile Include="PluginUI\moc_qxtspanslider_p.cpp">
      <Filter>Source Files\PluginUI</Filter>
    </ClCompile>
    <ClCompile Include="PluginUI\moc_qxtspanslider.cpp">
      <Filter>Source Files\PluginUI</Filter>
    </ClCompile>
    <ClCompile Include="PluginUI\moc_ParameterListWidget.cpp">
      <Filter>Source Files\PluginUI</Filter>
    </ClCompile>
    <ClCompile Include="moc_PluginInterfaces.cpp">
      <Filter>Source Files</Filter>
    </ClCompile>
  </ItemGroup>
  <ItemGroup>
    <ClInclude Include="include\PluginManager.h">
      <Filter>Header Files\include</Filter>
    </ClInclude>
    <ClInclude Include="PluginUI\ParameterListWidget.h">
      <Filter>Header Files\PluginUI</Filter>
    </ClInclude>
    <ClInclude Include="PluginUI\qxtspanslider.h">
      <Filter>Header Files\PluginUI</Filter>
    </ClInclude>
    <ClInclude Include="PluginUI\qxtspanslider_p.h">
      <Filter>Header Files\PluginUI</Filter>
    </ClInclude>
    <ClInclude Include="include\PluginInterfaces.h">
      <Filter>Header Files\include</Filter>
    </ClInclude>
    <ClInclude Include="resource.h">
      <Filter>Header Files</Filter>
    </ClInclude>
  </ItemGroup>
  <ItemGroup>
    <ResourceCompile Include="PluginManager.rc">
      <Filter>Resource Files</Filter>
    </ResourceCompile>
  </ItemGroup>
</Project>