<?xml version="1.0" encoding="utf-8"?>
<Project ToolsVersion="4.0" xmlns="http://schemas.microsoft.com/developer/msbuild/2003">
  <ItemGroup>
    <Filter Include="Source Files">
      <UniqueIdentifier>{4FC737F1-C7A5-4376-A066-2A32D752A2FF}</UniqueIdentifier>
      <Extensions>cpp;c;cc;cxx;def;odl;idl;hpj;bat;asm;asmx</Extensions>
    </Filter>
    <Filter Include="Header Files">
      <UniqueIdentifier>{93995380-89BD-4b04-88EB-625FBE52EBFB}</UniqueIdentifier>
      <Extensions>h;hh;hpp;hxx;hm;inl;inc;xsd</Extensions>
    </Filter>
    <Filter Include="Resource Files">
      <UniqueIdentifier>{67DA6AB6-F800-4c08-8B7A-83BB121AAD01}</UniqueIdentifier>
      <Extensions>rc;ico;cur;bmp;dlg;rc2;rct;bin;rgs;gif;jpg;jpeg;jpe;resx;tiff;tif;png;wav;mfcribbon-ms</Extensions>
    </Filter>
    <Filter Include="Header Files\MainWindow">
      <UniqueIdentifier>{629955f0-d7f5-4203-9ede-7570acd5edea}</UniqueIdentifier>
    </Filter>
    <Filter Include="Source Files\MainWindow">
      <UniqueIdentifier>{402c4728-5722-44eb-8ddc-acf71c5525a4}</UniqueIdentifier>
    </Filter>
  </ItemGroup>
  <ItemGroup>
    <ClCompile Include="main.cpp">
      <Filter>Source Files</Filter>
    </ClCompile>
    <ClCompile Include="Profiler.cpp">
      <Filter>Source Files</Filter>
    </ClCompile>
    <ClCompile Include="cvutil_matlab_interface.cpp">
      <Filter>Source Files</Filter>
    </ClCompile>
    <ClCompile Include="cvutil_core.cpp">
      <Filter>Source Files</Filter>
    </ClCompile>
    <ClCompile Include="cvutil_linesim.cpp">
      <Filter>Source Files</Filter>
    </ClCompile>
    <ClCompile Include="cvutil_bwthin.cpp">
      <Filter>Source Files</Filter>
    </ClCompile>
    <ClCompile Include="cvutil_bwskel.cpp">
      <Filter>Source Files</Filter>
    </ClCompile>
    <ClCompile Include="cvutil_figure.cpp">
      <Filter>Source Files</Filter>
    </ClCompile>
    <ClCompile Include="cvutil_bwdist.cpp">
      <Filter>Source Files</Filter>
    </ClCompile>
    <ClCompile Include="cvutil_videowriter.cpp">
      <Filter>Source Files</Filter>
    </ClCompile>
    <ClCompile Include="MainWindow\BatchProcessor.cpp">
      <Filter>Source Files\MainWindow</Filter>
    </ClCompile>
    <ClCompile Include="MainWindow\GraphicsScene.cpp">
      <Filter>Source Files\MainWindow</Filter>
    </ClCompile>
    <ClCompile Include="MainWindow\MainWindow.cpp">
      <Filter>Source Files\MainWindow</Filter>
    </ClCompile>
    <ClCompile Include="MainWindow\moc_BatchProcessor.cpp">
      <Filter>Source Files\MainWindow</Filter>
    </ClCompile>
    <ClCompile Include="MainWindow\moc_GraphicsScene.cpp">
      <Filter>Source Files\MainWindow</Filter>
    </ClCompile>
    <ClCompile Include="MainWindow\moc_MainWindow.cpp">
      <Filter>Source Files\MainWindow</Filter>
    </ClCompile>
    <ClCompile Include="MainWindow\FeatureExtractorThread.cpp">
      <Filter>Source Files\MainWindow</Filter>
    </ClCompile>
    <ClCompile Include="MainWindow\moc_FeatureExtractorThread.cpp">
      <Filter>Source Files\MainWindow</Filter>
    </ClCompile>
    <ClCompile Include="qrc_resources.cpp">
      <Filter>Source Files</Filter>
    </ClCompile>
    <ClCompile Include="MainWindow\logger.cpp">
      <Filter>Source Files\MainWindow</Filter>
    </ClCompile>
    <ClCompile Include="MainWindow\InteractiveExtractorThread.cpp">
      <Filter>Source Files\MainWindow</Filter>
    </ClCompile>
    <ClCompile Include="MainWindow\moc_InteractiveExtractorThread.cpp">
      <Filter>Source Files\MainWindow</Filter>
    </ClCompile>
  </ItemGroup>
  <ItemGroup>
    <ClInclude Include="stdproto.h">
      <Filter>Header Files</Filter>
    </ClInclude>
    <ClInclude Include="profiler.h">
      <Filter>Header Files</Filter>
    </ClInclude>
    <ClInclude Include="cvutil.h">
      <Filter>Header Files</Filter>
    </ClInclude>
    <ClInclude Include="cvutil_templates.h">
      <Filter>Header Files</Filter>
    </ClInclude>
    <ClInclude Include="cvutil_core.h">
      <Filter>Header Files</Filter>
    </ClInclude>
    <ClInclude Include="cvutil_matlab_interface.h">
      <Filter>Header Files</Filter>
    </ClInclude>
    <ClInclude Include="cvutil_linesim.h">
      <Filter>Source Files</Filter>
    </ClInclude>
    <ClInclude Include="cvutil_bwthin.h">
      <Filter>Source Files</Filter>
    </ClInclude>
    <ClInclude Include="cvutil_bwskel.h">
      <Filter>Source Files</Filter>
    </ClInclude>
    <ClInclude Include="main.h">
      <Filter>Source Files</Filter>
    </ClInclude>
    <ClInclude Include="demo.h">
      <Filter>Source Files</Filter>
    </ClInclude>
    <ClInclude Include="figure.h">
      <Filter>Header Files</Filter>
    </ClInclude>
    <ClInclude Include="cvutil_figure.h">
      <Filter>Source Files</Filter>
    </ClInclude>
    <ClInclude Include="cvutil_types.h">
      <Filter>Source Files</Filter>
    </ClInclude>
    <ClInclude Include="cvutil_bwdist.h">
      <Filter>Source Files</Filter>
    </ClInclude>
    <ClInclude Include="video.h">
      <Filter>Header Files</Filter>
    </ClInclude>
    <ClInclude Include="cvutil_videowriter.h">
      <Filter>Source Files</Filter>
    </ClInclude>
    <ClInclude Include="MainWindow\BatchProcessor.h">
      <Filter>Header Files\MainWindow</Filter>
    </ClInclude>
    <ClInclude Include="MainWindow\MainWindow.h">
      <Filter>Header Files\MainWindow</Filter>
    </ClInclude>
    <ClInclude Include="MainWindow\GraphicsScene.h">
      <Filter>Header Files\MainWindow</Filter>
    </ClInclude>
    <ClInclude Include="MainWindow\FeatureExtractorThread.h">
      <Filter>Header Files\MainWindow</Filter>
    </ClInclude>
    <ClInclude Include="MainWindow\logger.h">
      <Filter>Header Files\MainWindow</Filter>
    </ClInclude>
    <ClInclude Include="MainWindow\InteractiveExtractorThread.h">
      <Filter>Source Files\MainWindow</Filter>
    </ClInclude>
    <ClInclude Include="resource.h">
      <Filter>Header Files</Filter>
    </ClInclude>
  </ItemGroup>
  <ItemGroup>
    <None Include="ClassDiagram.cd" />
    <None Include="resources.qrc" />
  </ItemGroup>
  <ItemGroup>
    <ResourceCompile Include="cvutil.rc">
      <Filter>Resource Files</Filter>
    </ResourceCompile>
  </ItemGroup>
</Project>